
Microsoft Visual Studio Solution File, Format Version 12.00
# Visual Studio Version 17
VisualStudioVersion = 17.0.31903.59
MinimumVisualStudioVersion = 10.0.40219.1
Project("{2150E333-8FDC-42A3-9474-1A3956D46DE8}") = "src", "src", "{179FE905-A5F3-4B26-9C3D-FD31D5225880}"
EndProject
Project("{9A19103F-16F7-4668-BE54-9A1E7A4F7556}") = "MySpot.Api", "src\MySpot.Api\MySpot.Api.csproj", "{36216556-25B1-408E-B1B4-A166376D1FE0}"
EndProject
Project("{2150E333-8FDC-42A3-9474-1A3956D46DE8}") = "Tests", "Tests", "{BE1106AB-9F7D-42D5-9B68-071F3BF4F883}"
EndProject
Project("{9A19103F-16F7-4668-BE54-9A1E7A4F7556}") = "MySpot.Tests.Unit", "Tests\MySpot.Tests.Unit\MySpot.Tests.Unit.csproj", "{59BA1B65-EF22-4F21-B723-C469C586C344}"
EndProject
Project("{9A19103F-16F7-4668-BE54-9A1E7A4F7556}") = "MySpot.Application", "src\MySpot.Application\MySpot.Application.csproj", "{01FC13CF-C688-4135-934C-4B70AE620FCF}"
EndProject
Project("{9A19103F-16F7-4668-BE54-9A1E7A4F7556}") = "MySpot.Core", "src\MySpot.Core\MySpot.Core.csproj", "{BC33135E-AB93-4B0F-83AF-887C36F41A1F}"
EndProject
Project("{9A19103F-16F7-4668-BE54-9A1E7A4F7556}") = "MySpot.Infrastructure", "src\MySpot.Infrastructure\MySpot.Infrastructure.csproj", "{1A5E313B-E708-48D7-A49F-9C9FE63D9A27}"
EndProject
Project("{FAE04EC0-301F-11D3-BF4B-00C04F79EFBC}") = "MySpot.Tests.Integration", "Tests\MySpot.Tests.Integration\MySpot.Tests.Integration.csproj", "{2D0AACA3-11F0-4AF6-B395-9A7D98245751}"
EndProject
Global
	GlobalSection(SolutionConfigurationPlatforms) = preSolution
		Debug|Any CPU = Debug|Any CPU
		Release|Any CPU = Release|Any CPU
	EndGlobalSection
	GlobalSection(ProjectConfigurationPlatforms) = postSolution
		{36216556-25B1-408E-B1B4-A166376D1FE0}.Debug|Any CPU.ActiveCfg = Debug|Any CPU
		{36216556-25B1-408E-B1B4-A166376D1FE0}.Debug|Any CPU.Build.0 = Debug|Any CPU
		{36216556-25B1-408E-B1B4-A166376D1FE0}.Release|Any CPU.ActiveCfg = Release|Any CPU
		{36216556-25B1-408E-B1B4-A166376D1FE0}.Release|Any CPU.Build.0 = Release|Any CPU
		{59BA1B65-EF22-4F21-B723-C469C586C344}.Debug|Any CPU.ActiveCfg = Debug|Any CPU
		{59BA1B65-EF22-4F21-B723-C469C586C344}.Debug|Any CPU.Build.0 = Debug|Any CPU
		{59BA1B65-EF22-4F21-B723-C469C586C344}.Release|Any CPU.ActiveCfg = Release|Any CPU
		{59BA1B65-EF22-4F21-B723-C469C586C344}.Release|Any CPU.Build.0 = Release|Any CPU
		{01FC13CF-C688-4135-934C-4B70AE620FCF}.Debug|Any CPU.ActiveCfg = Debug|Any CPU
		{01FC13CF-C688-4135-934C-4B70AE620FCF}.Debug|Any CPU.Build.0 = Debug|Any CPU
		{01FC13CF-C688-4135-934C-4B70AE620FCF}.Release|Any CPU.ActiveCfg = Release|Any CPU
		{01FC13CF-C688-4135-934C-4B70AE620FCF}.Release|Any CPU.Build.0 = Release|Any CPU
		{BC33135E-AB93-4B0F-83AF-887C36F41A1F}.Debug|Any CPU.ActiveCfg = Debug|Any CPU
		{BC33135E-AB93-4B0F-83AF-887C36F41A1F}.Debug|Any CPU.Build.0 = Debug|Any CPU
		{BC33135E-AB93-4B0F-83AF-887C36F41A1F}.Release|Any CPU.ActiveCfg = Release|Any CPU
		{BC33135E-AB93-4B0F-83AF-887C36F41A1F}.Release|Any CPU.Build.0 = Release|Any CPU
		{1A5E313B-E708-48D7-A49F-9C9FE63D9A27}.Debug|Any CPU.ActiveCfg = Debug|Any CPU
		{1A5E313B-E708-48D7-A49F-9C9FE63D9A27}.Debug|Any CPU.Build.0 = Debug|Any CPU
		{1A5E313B-E708-48D7-A49F-9C9FE63D9A27}.Release|Any CPU.ActiveCfg = Release|Any CPU
		{1A5E313B-E708-48D7-A49F-9C9FE63D9A27}.Release|Any CPU.Build.0 = Release|Any CPU
		{2D0AACA3-11F0-4AF6-B395-9A7D98245751}.Debug|Any CPU.ActiveCfg = Debug|Any CPU
		{2D0AACA3-11F0-4AF6-B395-9A7D98245751}.Debug|Any CPU.Build.0 = Debug|Any CPU
		{2D0AACA3-11F0-4AF6-B395-9A7D98245751}.Release|Any CPU.ActiveCfg = Release|Any CPU
		{2D0AACA3-11F0-4AF6-B395-9A7D98245751}.Release|Any CPU.Build.0 = Release|Any CPU
	EndGlobalSection
	GlobalSection(SolutionProperties) = preSolution
		HideSolutionNode = FALSE
	EndGlobalSection
	GlobalSection(NestedProjects) = preSolution
		{36216556-25B1-408E-B1B4-A166376D1FE0} = {179FE905-A5F3-4B26-9C3D-FD31D5225880}
		{59BA1B65-EF22-4F21-B723-C469C586C344} = {BE1106AB-9F7D-42D5-9B68-071F3BF4F883}
		{01FC13CF-C688-4135-934C-4B70AE620FCF} = {179FE905-A5F3-4B26-9C3D-FD31D5225880}
		{BC33135E-AB93-4B0F-83AF-887C36F41A1F} = {179FE905-A5F3-4B26-9C3D-FD31D5225880}
		{1A5E313B-E708-48D7-A49F-9C9FE63D9A27} = {179FE905-A5F3-4B26-9C3D-FD31D5225880}
		{2D0AACA3-11F0-4AF6-B395-9A7D98245751} = {BE1106AB-9F7D-42D5-9B68-071F3BF4F883}
	EndGlobalSection
	GlobalSection(ExtensibilityGlobals) = postSolution
		SolutionGuid = {CD13135C-74CD-4699-AACA-00FAB9A80B55}
	EndGlobalSection
EndGlobal
